
Microsoft Visual Studio Solution File, Format Version 12.00
# Visual Studio Version 17
VisualStudioVersion = 17.10.34804.81
MinimumVisualStudioVersion = 10.0.40219.1
Project("{9A19103F-16F7-4668-BE54-9A1E7A4F7556}") = "InsightGlassTest.Server", "InsightGlassTest.Server\InsightGlassTest.Server.csproj", "{A5B25083-7727-4C7D-9E70-53B8C8070D69}"
EndProject
Project("{54A90642-561A-4BB1-A94E-469ADEE60C69}") = "insightglasstest.client", "insightglasstest.client\insightglasstest.client.esproj", "{6A35533F-ACEB-4B43-82D9-C5BFF4BF1829}"
EndProject
Global
	GlobalSection(SolutionConfigurationPlatforms) = preSolution
		Debug|Any CPU = Debug|Any CPU
		Release|Any CPU = Release|Any CPU
	EndGlobalSection
	GlobalSection(ProjectConfigurationPlatforms) = postSolution
		{A5B25083-7727-4C7D-9E70-53B8C8070D69}.Debug|Any CPU.ActiveCfg = Debug|Any CPU
		{A5B25083-7727-4C7D-9E70-53B8C8070D69}.Debug|Any CPU.Build.0 = Debug|Any CPU
		{A5B25083-7727-4C7D-9E70-53B8C8070D69}.Release|Any CPU.ActiveCfg = Release|Any CPU
		{A5B25083-7727-4C7D-9E70-53B8C8070D69}.Release|Any CPU.Build.0 = Release|Any CPU
		{6A35533F-ACEB-4B43-82D9-C5BFF4BF1829}.Debug|Any CPU.ActiveCfg = Debug|Any CPU
		{6A35533F-ACEB-4B43-82D9-C5BFF4BF1829}.Debug|Any CPU.Build.0 = Debug|Any CPU
		{6A35533F-ACEB-4B43-82D9-C5BFF4BF1829}.Debug|Any CPU.Deploy.0 = Debug|Any CPU
		{6A35533F-ACEB-4B43-82D9-C5BFF4BF1829}.Release|Any CPU.ActiveCfg = Release|Any CPU
		{6A35533F-ACEB-4B43-82D9-C5BFF4BF1829}.Release|Any CPU.Build.0 = Release|Any CPU
		{6A35533F-ACEB-4B43-82D9-C5BFF4BF1829}.Release|Any CPU.Deploy.0 = Release|Any CPU
	EndGlobalSection
	GlobalSection(SolutionProperties) = preSolution
		HideSolutionNode = FALSE
	EndGlobalSection
	GlobalSection(ExtensibilityGlobals) = postSolution
		SolutionGuid = {7702A3FF-E1B5-41AF-B21A-B930807F86E9}
	EndGlobalSection
EndGlobal
